
Microsoft Visual Studio Solution File, Format Version 12.00
# Visual Studio Version 17
VisualStudioVersion = 17.0.31612.314
MinimumVisualStudioVersion = 10.0.40219.1
Project("{FAE04EC0-301F-11D3-BF4B-00C04F79EFBC}") = "Guru99Proj1", "Guru99Proj1\Guru99Proj1.csproj", "{37B4910D-289E-4F82-B6CD-1AE6FDC9623C}"
EndProject
Global
	GlobalSection(SolutionConfigurationPlatforms) = preSolution
		Debug|Any CPU = Debug|Any CPU
		Release|Any CPU = Release|Any CPU
	EndGlobalSection
	GlobalSection(ProjectConfigurationPlatforms) = postSolution
		{37B4910D-289E-4F82-B6CD-1AE6FDC9623C}.Debug|Any CPU.ActiveCfg = Debug|Any CPU
		{37B4910D-289E-4F82-B6CD-1AE6FDC9623C}.Debug|Any CPU.Build.0 = Debug|Any CPU
		{37B4910D-289E-4F82-B6CD-1AE6FDC9623C}.Release|Any CPU.ActiveCfg = Release|Any CPU
		{37B4910D-289E-4F82-B6CD-1AE6FDC9623C}.Release|Any CPU.Build.0 = Release|Any CPU
	EndGlobalSection
	GlobalSection(SolutionProperties) = preSolution
		HideSolutionNode = FALSE
	EndGlobalSection
	GlobalSection(ExtensibilityGlobals) = postSolution
		SolutionGuid = {AC7C7E2B-92CA-4102-84CE-44A1878C0336}
	EndGlobalSection
EndGlobal
